{
  "name": "prath-copy-cli",
  "version": "1.0.0",
  "lockfileVersion": 3,
  "requires": true,
  "packages": {
    "": {
      "name": "prath-copy-cli",
      "version": "1.0.0",
      "license": "MIT",
      "dependencies": {
        "prath-copy-cli": "^1.0.0"
      },
      "bin": {
        "prathcopy": "index.js"
      }
    },
    "node_modules/prath-copy-cli": {
      "version": "1.0.0",
      "resolved": "https://registry.npmjs.org/prath-copy-cli/-/prath-copy-cli-1.0.0.tgz",
      "integrity": "sha512-bJVb7XyTofdt1TIkERqdMfl3wc2qV0J40iKW6n3WgsJK7V7ak9UhNjQCWTpLckVex/+hGs/Y98u4+5IBVaD4wQ==",
      "license": "MIT",
      "bin": {
        "prathcopy": "index.js"
      }
    }
  }
}
