{
  "name": "@pratham2811/word-count-cli",
  "version": "1.0.3",
  "lockfileVersion": 3,
  "requires": true,
  "packages": {
    "": {
      "name": "@pratham2811/word-count-cli",
      "version": "1.0.3",
      "license": "MIT",
      "dependencies": {
        "@pratham2811/word-count-cli": "^1.0.3"
      },
      "bin": {
        "word-count": "index.js"
      }
    },
    "node_modules/@pratham2811/word-count-cli": {
      "version": "1.0.3",
      "resolved": "https://registry.npmjs.org/@pratham2811/word-count-cli/-/word-count-cli-1.0.3.tgz",
      "integrity": "sha512-7XpivcNjqxm0xUA+mNn68tFj4G3DWJqgV5WCIwv7fSKLyrdFkV0y8jJSmgmtb/0QgnuYmFB9arMZKePHW660pw==",
      "license": "MIT",
      "bin": {
        "word-count": "index.js"
      }
    }
  }
}
